
Microsoft Visual Studio Solution File, Format Version 12.00
# Visual Studio Version 16
VisualStudioVersion = 16.0.30114.105
MinimumVisualStudioVersion = 10.0.40219.1
Project("{2150E333-8FDC-42A3-9474-1A3956D46DE8}") = "test", "test", "{A1E198AD-C309-4CC1-80E6-4B2E3B732E5D}"
EndProject
Project("{F2A71F9B-5D33-465A-A702-920D77279786}") = "Core.Tests", "test\Core.Tests\Core.Tests.fsproj", "{50ECCED0-353E-48B4-8D22-BBD82F727849}"
EndProject
Project("{2150E333-8FDC-42A3-9474-1A3956D46DE8}") = "src", "src", "{D3F72F15-65A2-4840-BFF1-2846CF899E44}"
EndProject
Project("{FAE04EC0-301F-11D3-BF4B-00C04F79EFBC}") = "Core", "src\Core\Core.fsproj", "{805F87B5-10C5-4E13-9212-9FFB8AACE390}"
EndProject
Global
	GlobalSection(SolutionConfigurationPlatforms) = preSolution
		Debug|Any CPU = Debug|Any CPU
		Release|Any CPU = Release|Any CPU
	EndGlobalSection
	GlobalSection(SolutionProperties) = preSolution
		HideSolutionNode = FALSE
	EndGlobalSection
	GlobalSection(ProjectConfigurationPlatforms) = postSolution
		{50ECCED0-353E-48B4-8D22-BBD82F727849}.Debug|Any CPU.ActiveCfg = Debug|Any CPU
		{50ECCED0-353E-48B4-8D22-BBD82F727849}.Debug|Any CPU.Build.0 = Debug|Any CPU
		{50ECCED0-353E-48B4-8D22-BBD82F727849}.Release|Any CPU.ActiveCfg = Release|Any CPU
		{50ECCED0-353E-48B4-8D22-BBD82F727849}.Release|Any CPU.Build.0 = Release|Any CPU
		{805F87B5-10C5-4E13-9212-9FFB8AACE390}.Debug|Any CPU.ActiveCfg = Debug|Any CPU
		{805F87B5-10C5-4E13-9212-9FFB8AACE390}.Debug|Any CPU.Build.0 = Debug|Any CPU
		{805F87B5-10C5-4E13-9212-9FFB8AACE390}.Release|Any CPU.ActiveCfg = Release|Any CPU
		{805F87B5-10C5-4E13-9212-9FFB8AACE390}.Release|Any CPU.Build.0 = Release|Any CPU
	EndGlobalSection
	GlobalSection(NestedProjects) = preSolution
		{50ECCED0-353E-48B4-8D22-BBD82F727849} = {A1E198AD-C309-4CC1-80E6-4B2E3B732E5D}
		{805F87B5-10C5-4E13-9212-9FFB8AACE390} = {D3F72F15-65A2-4840-BFF1-2846CF899E44}
	EndGlobalSection
EndGlobal
